
Microsoft Visual Studio Solution File, Format Version 12.00
# Visual Studio Express 2012 for Windows Desktop
Project("{FAE04EC0-301F-11D3-BF4B-00C04F79EFBC}") = "LiveSplit.LoadTimer", "LiveSplit.LoadTimer.csproj", "{30FB8F50-A83F-482F-B370-73F87FC8F67B}"
EndProject
Global
	GlobalSection(SolutionConfigurationPlatforms) = preSolution
		Debug|Any CPU = Debug|Any CPU
		Release|Any CPU = Release|Any CPU
	EndGlobalSection
	GlobalSection(ProjectConfigurationPlatforms) = postSolution
		{30FB8F50-A83F-482F-B370-73F87FC8F67B}.Debug|Any CPU.ActiveCfg = Debug|Any CPU
		{30FB8F50-A83F-482F-B370-73F87FC8F67B}.Debug|Any CPU.Build.0 = Debug|Any CPU
		{30FB8F50-A83F-482F-B370-73F87FC8F67B}.Release|Any CPU.ActiveCfg = Release|Any CPU
		{30FB8F50-A83F-482F-B370-73F87FC8F67B}.Release|Any CPU.Build.0 = Release|Any CPU
	EndGlobalSection
	GlobalSection(SolutionProperties) = preSolution
		HideSolutionNode = FALSE
	EndGlobalSection
EndGlobal
